
Microsoft Visual Studio Solution File, Format Version 12.00
# Visual Studio Version 16
VisualStudioVersion = 16.0.30717.126
MinimumVisualStudioVersion = 15.0.26124.0
Project("{9A19103F-16F7-4668-BE54-9A1E7A4F7556}") = "API", "API\API.csproj", "{6F6522D6-E14E-4630-B249-7988EFDCD327}"
EndProject
Project("{9A19103F-16F7-4668-BE54-9A1E7A4F7556}") = "Domain", "Domain\Domain.csproj", "{BABB85C7-F718-4CEE-979B-E33FE0EB61BB}"
EndProject
Project("{9A19103F-16F7-4668-BE54-9A1E7A4F7556}") = "Persistence", "Persistence\Persistence.csproj", "{4DC2A98A-C674-4A7F-8C77-1893737587BD}"
EndProject
Project("{9A19103F-16F7-4668-BE54-9A1E7A4F7556}") = "Application", "Application\Application.csproj", "{EAA45AA1-B6EB-4EB3-88DA-71E156A4B281}"
EndProject
Project("{FAE04EC0-301F-11D3-BF4B-00C04F79EFBC}") = "Infrastructure", "Infrastructure\Infrastructure.csproj", "{60AB4CC7-CC68-4891-A332-E2688137302A}"
EndProject
Global
	GlobalSection(SolutionConfigurationPlatforms) = preSolution
		Debug|Any CPU = Debug|Any CPU
		Debug|x64 = Debug|x64
		Debug|x86 = Debug|x86
		Release|Any CPU = Release|Any CPU
		Release|x64 = Release|x64
		Release|x86 = Release|x86
	EndGlobalSection
	GlobalSection(ProjectConfigurationPlatforms) = postSolution
		{6F6522D6-E14E-4630-B249-7988EFDCD327}.Debug|Any CPU.ActiveCfg = Debug|Any CPU
		{6F6522D6-E14E-4630-B249-7988EFDCD327}.Debug|Any CPU.Build.0 = Debug|Any CPU
		{6F6522D6-E14E-4630-B249-7988EFDCD327}.Debug|x64.ActiveCfg = Debug|Any CPU
		{6F6522D6-E14E-4630-B249-7988EFDCD327}.Debug|x64.Build.0 = Debug|Any CPU
		{6F6522D6-E14E-4630-B249-7988EFDCD327}.Debug|x86.ActiveCfg = Debug|Any CPU
		{6F6522D6-E14E-4630-B249-7988EFDCD327}.Debug|x86.Build.0 = Debug|Any CPU
		{6F6522D6-E14E-4630-B249-7988EFDCD327}.Release|Any CPU.ActiveCfg = Release|Any CPU
		{6F6522D6-E14E-4630-B249-7988EFDCD327}.Release|Any CPU.Build.0 = Release|Any CPU
		{6F6522D6-E14E-4630-B249-7988EFDCD327}.Release|x64.ActiveCfg = Release|Any CPU
		{6F6522D6-E14E-4630-B249-7988EFDCD327}.Release|x64.Build.0 = Release|Any CPU
		{6F6522D6-E14E-4630-B249-7988EFDCD327}.Release|x86.ActiveCfg = Release|Any CPU
		{6F6522D6-E14E-4630-B249-7988EFDCD327}.Release|x86.Build.0 = Release|Any CPU
		{BABB85C7-F718-4CEE-979B-E33FE0EB61BB}.Debug|Any CPU.ActiveCfg = Debug|Any CPU
		{BABB85C7-F718-4CEE-979B-E33FE0EB61BB}.Debug|Any CPU.Build.0 = Debug|Any CPU
		{BABB85C7-F718-4CEE-979B-E33FE0EB61BB}.Debug|x64.ActiveCfg = Debug|Any CPU
		{BABB85C7-F718-4CEE-979B-E33FE0EB61BB}.Debug|x64.Build.0 = Debug|Any CPU
		{BABB85C7-F718-4CEE-979B-E33FE0EB61BB}.Debug|x86.ActiveCfg = Debug|Any CPU
		{BABB85C7-F718-4CEE-979B-E33FE0EB61BB}.Debug|x86.Build.0 = Debug|Any CPU
		{BABB85C7-F718-4CEE-979B-E33FE0EB61BB}.Release|Any CPU.ActiveCfg = Release|Any CPU
		{BABB85C7-F718-4CEE-979B-E33FE0EB61BB}.Release|Any CPU.Build.0 = Release|Any CPU
		{BABB85C7-F718-4CEE-979B-E33FE0EB61BB}.Release|x64.ActiveCfg = Release|Any CPU
		{BABB85C7-F718-4CEE-979B-E33FE0EB61BB}.Release|x64.Build.0 = Release|Any CPU
		{BABB85C7-F718-4CEE-979B-E33FE0EB61BB}.Release|x86.ActiveCfg = Release|Any CPU
		{BABB85C7-F718-4CEE-979B-E33FE0EB61BB}.Release|x86.Build.0 = Release|Any CPU
		{4DC2A98A-C674-4A7F-8C77-1893737587BD}.Debug|Any CPU.ActiveCfg = Debug|Any CPU
		{4DC2A98A-C674-4A7F-8C77-1893737587BD}.Debug|Any CPU.Build.0 = Debug|Any CPU
		{4DC2A98A-C674-4A7F-8C77-1893737587BD}.Debug|x64.ActiveCfg = Debug|Any CPU
		{4DC2A98A-C674-4A7F-8C77-1893737587BD}.Debug|x64.Build.0 = Debug|Any CPU
		{4DC2A98A-C674-4A7F-8C77-1893737587BD}.Debug|x86.ActiveCfg = Debug|Any CPU
		{4DC2A98A-C674-4A7F-8C77-1893737587BD}.Debug|x86.Build.0 = Debug|Any CPU
		{4DC2A98A-C674-4A7F-8C77-1893737587BD}.Release|Any CPU.ActiveCfg = Release|Any CPU
		{4DC2A98A-C674-4A7F-8C77-1893737587BD}.Release|Any CPU.Build.0 = Release|Any CPU
		{4DC2A98A-C674-4A7F-8C77-1893737587BD}.Release|x64.ActiveCfg = Release|Any CPU
		{4DC2A98A-C674-4A7F-8C77-1893737587BD}.Release|x64.Build.0 = Release|Any CPU
		{4DC2A98A-C674-4A7F-8C77-1893737587BD}.Release|x86.ActiveCfg = Release|Any CPU
		{4DC2A98A-C674-4A7F-8C77-1893737587BD}.Release|x86.Build.0 = Release|Any CPU
		{EAA45AA1-B6EB-4EB3-88DA-71E156A4B281}.Debug|Any CPU.ActiveCfg = Debug|Any CPU
		{EAA45AA1-B6EB-4EB3-88DA-71E156A4B281}.Debug|Any CPU.Build.0 = Debug|Any CPU
		{EAA45AA1-B6EB-4EB3-88DA-71E156A4B281}.Debug|x64.ActiveCfg = Debug|Any CPU
		{EAA45AA1-B6EB-4EB3-88DA-71E156A4B281}.Debug|x64.Build.0 = Debug|Any CPU
		{EAA45AA1-B6EB-4EB3-88DA-71E156A4B281}.Debug|x86.ActiveCfg = Debug|Any CPU
		{EAA45AA1-B6EB-4EB3-88DA-71E156A4B281}.Debug|x86.Build.0 = Debug|Any CPU
		{EAA45AA1-B6EB-4EB3-88DA-71E156A4B281}.Release|Any CPU.ActiveCfg = Release|Any CPU
		{EAA45AA1-B6EB-4EB3-88DA-71E156A4B281}.Release|Any CPU.Build.0 = Release|Any CPU
		{EAA45AA1-B6EB-4EB3-88DA-71E156A4B281}.Release|x64.ActiveCfg = Release|Any CPU
		{EAA45AA1-B6EB-4EB3-88DA-71E156A4B281}.Release|x64.Build.0 = Release|Any CPU
		{EAA45AA1-B6EB-4EB3-88DA-71E156A4B281}.Release|x86.ActiveCfg = Release|Any CPU
		{EAA45AA1-B6EB-4EB3-88DA-71E156A4B281}.Release|x86.Build.0 = Release|Any CPU
		{60AB4CC7-CC68-4891-A332-E2688137302A}.Debug|Any CPU.ActiveCfg = Debug|Any CPU
		{60AB4CC7-CC68-4891-A332-E2688137302A}.Debug|Any CPU.Build.0 = Debug|Any CPU
		{60AB4CC7-CC68-4891-A332-E2688137302A}.Debug|x64.ActiveCfg = Debug|Any CPU
		{60AB4CC7-CC68-4891-A332-E2688137302A}.Debug|x64.Build.0 = Debug|Any CPU
		{60AB4CC7-CC68-4891-A332-E2688137302A}.Debug|x86.ActiveCfg = Debug|Any CPU
		{60AB4CC7-CC68-4891-A332-E2688137302A}.Debug|x86.Build.0 = Debug|Any CPU
		{60AB4CC7-CC68-4891-A332-E2688137302A}.Release|Any CPU.ActiveCfg = Release|Any CPU
		{60AB4CC7-CC68-4891-A332-E2688137302A}.Release|Any CPU.Build.0 = Release|Any CPU
		{60AB4CC7-CC68-4891-A332-E2688137302A}.Release|x64.ActiveCfg = Release|Any CPU
		{60AB4CC7-CC68-4891-A332-E2688137302A}.Release|x64.Build.0 = Release|Any CPU
		{60AB4CC7-CC68-4891-A332-E2688137302A}.Release|x86.ActiveCfg = Release|Any CPU
		{60AB4CC7-CC68-4891-A332-E2688137302A}.Release|x86.Build.0 = Release|Any CPU
	EndGlobalSection
	GlobalSection(SolutionProperties) = preSolution
		HideSolutionNode = FALSE
	EndGlobalSection
	GlobalSection(ExtensibilityGlobals) = postSolution
		SolutionGuid = {A42487D3-DC24-4FDF-93FF-2B6FA1EAFCDB}
	EndGlobalSection
EndGlobal
